{
  "nodes": {
    "nixpkgs": {
      "locked": {
        "lastModified": 1655221618,
        "narHash": "sha256-ht8HRFthDKzYt+il+sGgkBwrv+Ex2l8jdGVpsrPfFME=",
        "owner": "NixOS",
        "repo": "nixpkgs",
        "rev": "6616de389ed55fba6eeba60377fc04732d5a207c",
        "type": "github"
      },
      "original": {
        "id": "nixpkgs",
        "ref": "nixos-unstable",
        "type": "indirect"
      }
    },
    "root": {
      "inputs": {
        "nixpkgs": "nixpkgs"
      }
    }
  },
  "root": "root",
  "version": 7
}
