github.com/BurntSushi/toml v0.3.1 h1:WXkYYl6Yr3qBf1K79EBnL4mak0OimBfB0XUf9Vl28OQ=
github.com/BurntSushi/toml v0.3.1/go.mod h1:xHWCNGjB5oqiDr8zfno3MHue2Ht5sIBksp03qcyfWMU=
github.com/VividCortex/ewma v1.1.1 h1:MnEK4VOv6n0RSY4vtRe3h11qjxL3+t0B8yOL8iMXdcM=
github.com/VividCortex/ewma v1.1.1/go.mod h1:2Tkkvm3sRDVXaiyucHiACn4cqf7DpdyLvmxzcbUokwA=
github.com/agnivade/levenshtein v1.0.2 h1:xKF7WlEzoa+ZVkzBxy0ukdzI2etYiWGlTPMNTBGncKI=
github.com/agnivade/levenshtein v1.0.2/go.mod h1:JLvzGblJATanj48SD0YhHTEFGkWvw3ASLFWSiMIFXsE=
github.com/davecgh/go-spew v1.1.1 h1:vj9j/u1bqnvCEfJOwUhtlOARqs3+rkHYY13jYWTU97c=
github.com/davecgh/go-spew v1.1.1/go.mod h1:J7Y8YcW2NihsgmVo/mv3lAwl/skON4iLHjSsI+c5H38=
github.com/daviddengcn/go-colortext v0.0.0-20180409174941-186a3d44e920 h1:d/cVoZOrJPJHKH1NdeUjyVAWKp4OpOT+Q+6T1sH7jeU=
github.com/daviddengcn/go-colortext v0.0.0-20180409174941-186a3d44e920/go.mod h1:dv4zxwHi5C/8AeI+4gX4dCWOIvNi7I6JCSX0HvlKPgE=
github.com/golangplus/bytes v0.0.0-20160111154220-45c989fe5450 h1:7xqw01UYS+KCI25bMrPxwNYkSns2Db1ziQPpVq99FpE=
github.com/golangplus/bytes v0.0.0-20160111154220-45c989fe5450/go.mod h1:Bk6SMAONeMXrxql8uvOKuAZSu8aM5RUGv+1C6IJaEho=
github.com/golangplus/fmt v0.0.0-20150411045040-2a5d6d7d2995 h1:f5gsjBiF9tRRVomCvrkGMMWI8W1f2OBFar2c5oakAP0=
github.com/golangplus/fmt v0.0.0-20150411045040-2a5d6d7d2995/go.mod h1:lJgMEyOkYFkPcDKwRXegd+iM6E7matEszMG5HhwytU8=
github.com/golangplus/testing v0.0.0-20180327235837-af21d9c3145e h1:KhcknUwkWHKZPbFy2P7jH5LKJ3La+0ZeknkkmrSgqb0=
github.com/golangplus/testing v0.0.0-20180327235837-af21d9c3145e/go.mod h1:0AA//k/eakGydO4jKRoRL2j92ZKSzTgj9tclaCrvXHk=
github.com/mattn/go-isatty v0.0.4 h1:bnP0vzxcAdeI1zdubAl5PjU6zsERjGZb7raWodagDYs=
github.com/mattn/go-isatty v0.0.4/go.mod h1:M+lRXTBqGeGNdLjl/ufCoiOlB5xdOkqRJdNxMWT7Zi4=
github.com/mitchellh/mapstructure v1.1.2 h1:fmNYVwqnSfB9mZU6OS2O6GsXM+wcskZDuKQzvN1EDeE=
github.com/mitchellh/mapstructure v1.1.2/go.mod h1:FVVH3fgwuzCH5S8UJGiWEs2h04kUh9fWfEaFds41c1Y=
github.com/pmezard/go-difflib v1.0.0 h1:4DBwDE0NGyQoBHbLQYPwSUPoCMWR5BEzIk/f1lZbAQM=
github.com/pmezard/go-difflib v1.0.0/go.mod h1:iKH77koFhYxTK1pcRnkKkqfTogsbg7gZNVY4sRDYZ/4=
github.com/skratchdot/open-golang v0.0.0-20190402232053-79abb63cd66e h1:VAzdS5Nw68fbf5RZ8RDVlUvPXNU6Z3jtPCK/qvm4FoQ=
github.com/skratchdot/open-golang v0.0.0-20190402232053-79abb63cd66e/go.mod h1:sUM3LWHvSMaG192sy56D9F7CNvL7jUJVXoqM1QKLnog=
github.com/stretchr/testify v1.2.2 h1:bSDNvY7ZPG5RlJ8otE/7V6gMiyenm9RtJ7IUVIAoJ1w=
github.com/stretchr/testify v1.2.2/go.mod h1:a8OnRcib4nhh0OaRAV+Yts87kKdq0PP7pXfy6kDkUVs=
github.com/urfave/cli v1.20.0 h1:fDqGv3UG/4jbVl/QkFwEdddtEDjh/5Ov6X+0B/3bPaw=
github.com/urfave/cli v1.20.0/go.mod h1:70zkFmudgCuE/ngEzBv17Jvp/497gISqfk5gWijbERA=
github.com/vbauerster/mpb/v4 v4.7.0 h1:Et+zVewxG6qmfBf4Ez+nDhLbCSh6WhZrUPHg9a6e+hw=
github.com/vbauerster/mpb/v4 v4.7.0/go.mod h1:ugxYn2kSUrY10WK5CWDUZvQxjdwKFN9K3Ja3/z6p4X0=
golang.org/x/crypto v0.0.0-20190308221718-c2843e01d9a2/go.mod h1:djNgcEr1/C05ACkg1iLfiJU5Ep61QUkGW8qpdssI0+w=
golang.org/x/crypto v0.0.0-20190426145343-a29dc8fdc734 h1:p/H982KKEjUnLJkM3tt/LemDnOc1GiZL5FCVlORJ5zo=
golang.org/x/crypto v0.0.0-20190426145343-a29dc8fdc734/go.mod h1:yigFU9vqHzYiE8UmvKecakEJjdnWj3jj499lnFckfCI=
golang.org/x/net v0.0.0-20190404232315-eb5bcb51f2a3/go.mod h1:t9HGtf8HONx5eT2rtn7q6eTqICYqUVnKs3thJo3Qplg=
golang.org/x/sys v0.0.0-20190215142949-d0b11bdaac8a/go.mod h1:STP8DvDyc/dI5b8T5hshtkjS+E42TnysNCUPdjciGhY=
golang.org/x/sys v0.0.0-20190412213103-97732733099d/go.mod h1:h1NjWce9XRLGQEsW7wpKNCjG9DtNlClVuFLEZdDNbEs=
golang.org/x/sys v0.0.0-20190429190828-d89cdac9e872 h1:cGjJzUd8RgBw428LXP65YXni0aiGNA4Bl+ls8SmLOm8=
golang.org/x/sys v0.0.0-20190429190828-d89cdac9e872/go.mod h1:h1NjWce9XRLGQEsW7wpKNCjG9DtNlClVuFLEZdDNbEs=
golang.org/x/text v0.3.0/go.mod h1:NqM8EUOU14njkJ3fqMW+pc6Ldnwhi/IjpwHt7yyuwOQ=
gopkg.in/dixonwille/wlog.v2 v2.0.0 h1:TbGWtD8ahWVSihKKr+z2Dw7Cv/7IrfN6dwrcrre17pU=
gopkg.in/dixonwille/wlog.v2 v2.0.0/go.mod h1:JYQHRnhGPLno/iATOiGkEXoRanJXqdz9Qo6/QwfARUc=
gopkg.in/dixonwille/wmenu.v4 v4.0.2 h1:QZVHQatLr41TOvVWiNGdwGk2DYtGEljtuxyrEdR0JIQ=
gopkg.in/dixonwille/wmenu.v4 v4.0.2/go.mod h1:qgH60HxGljYu/uXZW8ctlQ8nIf5mhmraJ3Vsksexnqk=
